
Microsoft Visual Studio Solution File, Format Version 12.00
# Visual Studio 15
VisualStudioVersion = 15.0.27130.2010
MinimumVisualStudioVersion = 10.0.40219.1
Project("{8BC9CEB8-8B4A-11D0-8D11-00A0C91BC942}") = "_Allgemeines_Projekt", "_Allgemeines_Projekt\_Allgemeines_Projekt.vcxproj", "{792645CE-601F-4F12-B469-08A76B7717A3}"
EndProject
Global
	GlobalSection(SolutionConfigurationPlatforms) = preSolution
		Debug|x64 = Debug|x64
		Debug|x86 = Debug|x86
		Release|x64 = Release|x64
		Release|x86 = Release|x86
	EndGlobalSection
	GlobalSection(ProjectConfigurationPlatforms) = postSolution
		{792645CE-601F-4F12-B469-08A76B7717A3}.Debug|x64.ActiveCfg = Debug|x64
		{792645CE-601F-4F12-B469-08A76B7717A3}.Debug|x64.Build.0 = Debug|x64
		{792645CE-601F-4F12-B469-08A76B7717A3}.Debug|x86.ActiveCfg = Debug|Win32
		{792645CE-601F-4F12-B469-08A76B7717A3}.Debug|x86.Build.0 = Debug|Win32
		{792645CE-601F-4F12-B469-08A76B7717A3}.Release|x64.ActiveCfg = Release|x64
		{792645CE-601F-4F12-B469-08A76B7717A3}.Release|x64.Build.0 = Release|x64
		{792645CE-601F-4F12-B469-08A76B7717A3}.Release|x86.ActiveCfg = Release|Win32
		{792645CE-601F-4F12-B469-08A76B7717A3}.Release|x86.Build.0 = Release|Win32
	EndGlobalSection
	GlobalSection(SolutionProperties) = preSolution
		HideSolutionNode = FALSE
	EndGlobalSection
	GlobalSection(ExtensibilityGlobals) = postSolution
		SolutionGuid = {6A1A61F7-1BE1-4D35-96A1-472D988A72F5}
	EndGlobalSection
EndGlobal
